<Solution>
  <Folder Name="/src/">
    <Project Path="src/SkyRoute.API/SkyRoute.API.csproj" />
    <Project Path="src/SkyRoute.Application/SkyRoute.Application.csproj">
      <Build Solution="Debug|*" Project="false" />
    </Project>
    <Project Path="src/SkyRoute.Domain/SkyRoute.Domain.csproj">
      <Build Solution="Debug|*" Project="false" />
    </Project>
    <Project Path="src/SkyRoute.Infrastructure/SkyRoute.Infrastructure.csproj">
      <Build Solution="Debug|*" Project="false" />
    </Project>
    <Project Path="src/SkyRoute.Test/SkyRoute.Test.csproj" />
  </Folder>
</Solution>
